
Microsoft Visual Studio Solution File, Format Version 12.00
# Visual Studio Version 16
VisualStudioVersion = 16.0.30503.244
MinimumVisualStudioVersion = 10.0.40219.1
Project("{FAE04EC0-301F-11D3-BF4B-00C04F79EFBC}") = "GenericsProgram", "GenericsProgram\GenericsProgram.csproj", "{04CB1E16-5D5C-4FC6-8A83-93825A069A36}"
EndProject
Global
	GlobalSection(SolutionConfigurationPlatforms) = preSolution
		Debug|Any CPU = Debug|Any CPU
		Release|Any CPU = Release|Any CPU
	EndGlobalSection
	GlobalSection(ProjectConfigurationPlatforms) = postSolution
		{04CB1E16-5D5C-4FC6-8A83-93825A069A36}.Debug|Any CPU.ActiveCfg = Debug|Any CPU
		{04CB1E16-5D5C-4FC6-8A83-93825A069A36}.Debug|Any CPU.Build.0 = Debug|Any CPU
		{04CB1E16-5D5C-4FC6-8A83-93825A069A36}.Release|Any CPU.ActiveCfg = Release|Any CPU
		{04CB1E16-5D5C-4FC6-8A83-93825A069A36}.Release|Any CPU.Build.0 = Release|Any CPU
	EndGlobalSection
	GlobalSection(SolutionProperties) = preSolution
		HideSolutionNode = FALSE
	EndGlobalSection
	GlobalSection(ExtensibilityGlobals) = postSolution
		SolutionGuid = {8532B807-89D9-4D8B-BECD-D2EC352BA654}
	EndGlobalSection
EndGlobal
